
Microsoft Visual Studio Solution File, Format Version 12.00
# Visual Studio Version 16
VisualStudioVersion = 16.0.31129.286
MinimumVisualStudioVersion = 10.0.40219.1
Project("{8BC9CEB8-8B4A-11D0-8D11-00A0C91BC942}") = "Referencez", "Referencez\Referencez.vcxproj", "{B65DC7C6-FBF5-4008-960D-FBEE479F9D14}"
EndProject
Global
	GlobalSection(SolutionConfigurationPlatforms) = preSolution
		Debug|x64 = Debug|x64
		Debug|x86 = Debug|x86
		Release|x64 = Release|x64
		Release|x86 = Release|x86
	EndGlobalSection
	GlobalSection(ProjectConfigurationPlatforms) = postSolution
		{B65DC7C6-FBF5-4008-960D-FBEE479F9D14}.Debug|x64.ActiveCfg = Debug|x64
		{B65DC7C6-FBF5-4008-960D-FBEE479F9D14}.Debug|x64.Build.0 = Debug|x64
		{B65DC7C6-FBF5-4008-960D-FBEE479F9D14}.Debug|x86.ActiveCfg = Debug|Win32
		{B65DC7C6-FBF5-4008-960D-FBEE479F9D14}.Debug|x86.Build.0 = Debug|Win32
		{B65DC7C6-FBF5-4008-960D-FBEE479F9D14}.Release|x64.ActiveCfg = Release|x64
		{B65DC7C6-FBF5-4008-960D-FBEE479F9D14}.Release|x64.Build.0 = Release|x64
		{B65DC7C6-FBF5-4008-960D-FBEE479F9D14}.Release|x86.ActiveCfg = Release|Win32
		{B65DC7C6-FBF5-4008-960D-FBEE479F9D14}.Release|x86.Build.0 = Release|Win32
	EndGlobalSection
	GlobalSection(SolutionProperties) = preSolution
		HideSolutionNode = FALSE
	EndGlobalSection
	GlobalSection(ExtensibilityGlobals) = postSolution
		SolutionGuid = {18BD1AA7-C7B5-4EB3-A879-6C4CFC8BBF2A}
	EndGlobalSection
EndGlobal
